PODS:
  - PromiseKit (6.18.1):
    - PromiseKit/CorePromise (= 6.18.1)
    - PromiseKit/Foundation (= 6.18.1)
    - PromiseKit/UIKit (= 6.18.1)
  - PromiseKit/CorePromise (6.18.1)
  - PromiseKit/Foundation (6.18.1):
    - PromiseKit/CorePromise
  - PromiseKit/UIKit (6.18.1):
    - PromiseKit/CorePromise

DEPENDENCIES:
  - PromiseKit (= 6.18.1)

SPEC REPOS:
  trunk:
    - PromiseKit

SPEC CHECKSUMS:
  PromiseKit: 49d70c53d5d20e346beaea4b276b5dd2ab446bb4

PODFILE CHECKSUM: 59c9922ac821d3a449c55f132ffd6ae6dacfb17b

COCOAPODS: 1.15.2
